
Microsoft Visual Studio Solution File, Format Version 12.00
# Visual Studio Version 16
VisualStudioVersion = 16.0.31911.196
MinimumVisualStudioVersion = 10.0.40219.1
Project("{FAE04EC0-301F-11D3-BF4B-00C04F79EFBC}") = "p17_1", "p17_1.csproj", "{7599A20D-3DB8-44EC-A47C-0AAF1496EEE5}"
EndProject
Global
	GlobalSection(SolutionConfigurationPlatforms) = preSolution
		Debug|Any CPU = Debug|Any CPU
		Release|Any CPU = Release|Any CPU
	EndGlobalSection
	GlobalSection(ProjectConfigurationPlatforms) = postSolution
		{7599A20D-3DB8-44EC-A47C-0AAF1496EEE5}.Debug|Any CPU.ActiveCfg = Debug|Any CPU
		{7599A20D-3DB8-44EC-A47C-0AAF1496EEE5}.Debug|Any CPU.Build.0 = Debug|Any CPU
		{7599A20D-3DB8-44EC-A47C-0AAF1496EEE5}.Release|Any CPU.ActiveCfg = Release|Any CPU
		{7599A20D-3DB8-44EC-A47C-0AAF1496EEE5}.Release|Any CPU.Build.0 = Release|Any CPU
	EndGlobalSection
	GlobalSection(SolutionProperties) = preSolution
		HideSolutionNode = FALSE
	EndGlobalSection
	GlobalSection(ExtensibilityGlobals) = postSolution
		SolutionGuid = {435EBB7E-6BAB-4AC6-8F71-74B88791D3C9}
	EndGlobalSection
EndGlobal
